// !$*UTF8*$!
{
	archiveVersion = 1;
	classes = {
	};
	objectVersion = 46;
	objects = {

/* Begin PBXBuildFile section */
		1C782C061BD053930046B280 /* LoginController.swift in Sources */ = {isa = PBXBuildFile; fileRef = 1C782C051BD053930046B280 /* LoginController.swift */; };
		1C782C091BD0541A0046B280 /* ViewController.swift in Sources */ = {isa = PBXBuildFile; fileRef = 1C782C081BD0541A0046B280 /* ViewController.swift */; };
		1C782C0B1BD065690046B280 /* ParseServiceStorageAdapter.swift in Sources */ = {isa = PBXBuildFile; fileRef = 1C782C0A1BD065690046B280 /* ParseServiceStorageAdapter.swift */; };
		1C782C0E1BD065870046B280 /* ParseEmployeeStorageAdapter.swift in Sources */ = {isa = PBXBuildFile; fileRef = 1C782C0C1BD065870046B280 /* ParseEmployeeStorageAdapter.swift */; };
		1C782C111BD075920046B280 /* ParseFloorStorageAdapter.swift in Sources */ = {isa = PBXBuildFile; fileRef = 1C782C101BD075920046B280 /* ParseFloorStorageAdapter.swift */; };
		1C782C141BD0764E0046B280 /* ParseTimerStorageAdapter.swift in Sources */ = {isa = PBXBuildFile; fileRef = 1C782C131BD0764E0046B280 /* ParseTimerStorageAdapter.swift */; };
		1C782C191BD077410046B280 /* EmployeeStorageAdapter.swift in Sources */ = {isa = PBXBuildFile; fileRef = 1C782C151BD077410046B280 /* EmployeeStorageAdapter.swift */; };
		1C782C1A1BD077410046B280 /* FloorStorageAdapter.swift in Sources */ = {isa = PBXBuildFile; fileRef = 1C782C161BD077410046B280 /* FloorStorageAdapter.swift */; };
		1C782C1B1BD077410046B280 /* ServiceStorageAdapter.swift in Sources */ = {isa = PBXBuildFile; fileRef = 1C782C171BD077410046B280 /* ServiceStorageAdapter.swift */; };
		1C782C1C1BD077410046B280 /* TimerStorageAdapter.swift in Sources */ = {isa = PBXBuildFile; fileRef = 1C782C181BD077410046B280 /* TimerStorageAdapter.swift */; };
		1C7B8B611BF52E310069C10E /* ShapedButton.swift in Sources */ = {isa = PBXBuildFile; fileRef = 1C7B8B601BF52E310069C10E /* ShapedButton.swift */; };
		1C7B8B631BF52ECF0069C10E /* CircularButton.swift in Sources */ = {isa = PBXBuildFile; fileRef = 1C7B8B621BF52ECF0069C10E /* CircularButton.swift */; };
		1C7B8B651BF565A70069C10E /* Floor.swift in Sources */ = {isa = PBXBuildFile; fileRef = 1C7B8B641BF565A70069C10E /* Floor.swift */; };
		1C7B8B671BFBC7EE0069C10E /* Main.storyboard in Resources */ = {isa = PBXBuildFile; fileRef = 1C7B8B661BFBC7EE0069C10E /* Main.storyboard */; };
		1C7B8B6C1BFBD2350069C10E /* EmployeeProgressCell.xib in Resources */ = {isa = PBXBuildFile; fileRef = 1C7B8B6B1BFBD2350069C10E /* EmployeeProgressCell.xib */; };
		1C7B8B6E1BFBD6C50069C10E /* EmployeeProgressTableViewCell.swift in Sources */ = {isa = PBXBuildFile; fileRef = 1C7B8B6D1BFBD6C50069C10E /* EmployeeProgressTableViewCell.swift */; };
		1C7B8B701BFCF76A0069C10E /* SingleEmployeeRoomProgressCell.xib in Resources */ = {isa = PBXBuildFile; fileRef = 1C7B8B6F1BFCF76A0069C10E /* SingleEmployeeRoomProgressCell.xib */; };
		1C7B8B721BFCFC960069C10E /* SingleEmployeeProgressTableViewCell.swift in Sources */ = {isa = PBXBuildFile; fileRef = 1C7B8B711BFCFC960069C10E /* SingleEmployeeProgressTableViewCell.swift */; };
		1C7B8B761BFFB2880069C10E /* EmployeeCurrentServiceCell.xib in Resources */ = {isa = PBXBuildFile; fileRef = 1C7B8B751BFFB2880069C10E /* EmployeeCurrentServiceCell.xib */; };
		1C7B8B781BFFB34B0069C10E /* EmployeeUpcomingServiceCell.xib in Resources */ = {isa = PBXBuildFile; fileRef = 1C7B8B771BFFB34B0069C10E /* EmployeeUpcomingServiceCell.xib */; };
		1C7B8B7A1BFFB7CB0069C10E /* EmployeeCurrentServiceTableViewCell.swift in Sources */ = {isa = PBXBuildFile; fileRef = 1C7B8B791BFFB7CB0069C10E /* EmployeeCurrentServiceTableViewCell.swift */; };
		1C7B8B7C1BFFB7F20069C10E /* EmployeeUpcomingServiceTableViewCell.swift in Sources */ = {isa = PBXBuildFile; fileRef = 1C7B8B7B1BFFB7F20069C10E /* EmployeeUpcomingServiceTableViewCell.swift */; };
		1C7B8B7E1BFFEA160069C10E /* Schematics in Resources */ = {isa = PBXBuildFile; fileRef = 1C7B8B7D1BFFEA160069C10E /* Schematics */; };
		1CAAAB541BD0031200E3650F /* Employee.swift in Sources */ = {isa = PBXBuildFile; fileRef = 1CAAAB4E1BD0031200E3650F /* Employee.swift */; };
		1CAAAB551BD0031200E3650F /* EmployeeType.swift in Sources */ = {isa = PBXBuildFile; fileRef = 1CAAAB4F1BD0031200E3650F /* EmployeeType.swift */; };
		1CAAAB561BD0031200E3650F /* Room.swift in Sources */ = {isa = PBXBuildFile; fileRef = 1CAAAB501BD0031200E3650F /* Room.swift */; };
		1CAAAB571BD0031200E3650F /* Service.swift in Sources */ = {isa = PBXBuildFile; fileRef = 1CAAAB511BD0031200E3650F /* Service.swift */; };
		1CAAAB581BD0031200E3650F /* ServiceType.swift in Sources */ = {isa = PBXBuildFile; fileRef = 1CAAAB521BD0031200E3650F /* ServiceType.swift */; };
		1CAAAB591BD0031200E3650F /* Timer.swift in Sources */ = {isa = PBXBuildFile; fileRef = 1CAAAB531BD0031200E3650F /* Timer.swift */; };
		1CC05F421BC73110003DB99F /* AppDelegate.swift in Sources */ = {isa = PBXBuildFile; fileRef = 1CC05F411BC73110003DB99F /* AppDelegate.swift */; };
		1CC05F491BC73110003DB99F /* Assets.xcassets in Resources */ = {isa = PBXBuildFile; fileRef = 1CC05F481BC73110003DB99F /* Assets.xcassets */; };
		1CC05F4C1BC73110003DB99F /* LaunchScreen.storyboard in Resources */ = {isa = PBXBuildFile; fileRef = 1CC05F4A1BC73110003DB99F /* LaunchScreen.storyboard */; };
		1CC05F571BC73110003DB99F /* TidyCoTests.swift in Sources */ = {isa = PBXBuildFile; fileRef = 1CC05F561BC73110003DB99F /* TidyCoTests.swift */; };
		1CC05F621BC73110003DB99F /* TidyCoUITests.swift in Sources */ = {isa = PBXBuildFile; fileRef = 1CC05F611BC73110003DB99F /* TidyCoUITests.swift */; };
		1CDB9C041BEC4F6900A9DEA9 /* StringUitls.swift in Sources */ = {isa = PBXBuildFile; fileRef = 1CDB9C031BEC4F6900A9DEA9 /* StringUitls.swift */; };
		7E0C1AE4EED781457A18FFF7 /* libPods-TidyCo.a in Frameworks */ = {isa = PBXBuildFile; fileRef = CE617F29106482EDF060A424 /* libPods-TidyCo.a */; };
		7FF9427C1BFD45EF00E15C38 /* EditWorkforceHeaderViewClass.swift in Sources */ = {isa = PBXBuildFile; fileRef = 7FF9427A1BFD45EF00E15C38 /* EditWorkforceHeaderViewClass.swift */; };
		7FF9427D1BFD45EF00E15C38 /* EditWorkforceTableViewCell.swift in Sources */ = {isa = PBXBuildFile; fileRef = 7FF9427B1BFD45EF00E15C38 /* EditWorkforceTableViewCell.swift */; };
		7FF942801BFD460100E15C38 /* EditWorkforceHeaderView.xib in Resources */ = {isa = PBXBuildFile; fileRef = 7FF9427E1BFD460100E15C38 /* EditWorkforceHeaderView.xib */; };
		7FF942811BFD460100E15C38 /* EditWorkforceView.xib in Resources */ = {isa = PBXBuildFile; fileRef = 7FF9427F1BFD460100E15C38 /* EditWorkforceView.xib */; };
		A2BDB33ED5D9E26DA6056014 /* libPods-TidyCoTests.a in Frameworks */ = {isa = PBXBuildFile; fileRef = B7D4D7B494EA5B992EC8F1E9 /* libPods-TidyCoTests.a */; };
		ED026B8E1BFD9CB200842292 /* EditRoomsHeaderView.swift in Sources */ = {isa = PBXBuildFile; fileRef = ED026B8D1BFD9CB200842292 /* EditRoomsHeaderView.swift */; };
		ED026B901BFD9CCE00842292 /* EditRoomsHeaderView.xib in Resources */ = {isa = PBXBuildFile; fileRef = ED026B8F1BFD9CCE00842292 /* EditRoomsHeaderView.xib */; };
		ED104A221BFB9B78004E0769 /* EmployeeRoomTableViewController.swift in Sources */ = {isa = PBXBuildFile; fileRef = ED104A211BFB9B78004E0769 /* EmployeeRoomTableViewController.swift */; };
		ED104A261BFB9C07004E0769 /* ManagerTabBarViewController.swift in Sources */ = {isa = PBXBuildFile; fileRef = ED104A251BFB9C07004E0769 /* ManagerTabBarViewController.swift */; };
		ED104A281BFB9C3F004E0769 /* EditRoomsTableViewController.swift in Sources */ = {isa = PBXBuildFile; fileRef = ED104A271BFB9C3F004E0769 /* EditRoomsTableViewController.swift */; };
		ED104A2A1BFB9C64004E0769 /* EditTimersTableViewController.swift in Sources */ = {isa = PBXBuildFile; fileRef = ED104A291BFB9C64004E0769 /* EditTimersTableViewController.swift */; };
		ED104A2C1BFB9C94004E0769 /* EditWorkforceTableViewController.swift in Sources */ = {isa = PBXBuildFile; fileRef = ED104A2B1BFB9C94004E0769 /* EditWorkforceTableViewController.swift */; };
		ED104A2E1BFB9CB5004E0769 /* AddEmployeesViewController.swift in Sources */ = {isa = PBXBuildFile; fileRef = ED104A2D1BFB9CB5004E0769 /* AddEmployeesViewController.swift */; };
		ED104A301BFB9D1A004E0769 /* AssignRoomsTableViewController.swift in Sources */ = {isa = PBXBuildFile; fileRef = ED104A2F1BFB9D1A004E0769 /* AssignRoomsTableViewController.swift */; };
		ED104A321BFB9D38004E0769 /* RoomsToAssignTableViewController.swift in Sources */ = {isa = PBXBuildFile; fileRef = ED104A311BFB9D38004E0769 /* RoomsToAssignTableViewController.swift */; };
		ED104A341BFB9D61004E0769 /* ViewProgressTableViewController.swift in Sources */ = {isa = PBXBuildFile; fileRef = ED104A331BFB9D61004E0769 /* ViewProgressTableViewController.swift */; };
		ED104A361BFB9D7C004E0769 /* EmployeeProgressViewTableViewController.swift in Sources */ = {isa = PBXBuildFile; fileRef = ED104A351BFB9D7C004E0769 /* EmployeeProgressViewTableViewController.swift */; };
		ED104A381BFB9E5F004E0769 /* EmployeeRoomNotesViewController.swift in Sources */ = {isa = PBXBuildFile; fileRef = ED104A371BFB9E5F004E0769 /* EmployeeRoomNotesViewController.swift */; };
		ED104A3A1BFB9E89004E0769 /* RoomNotesViewController.swift in Sources */ = {isa = PBXBuildFile; fileRef = ED104A391BFB9E89004E0769 /* RoomNotesViewController.swift */; };
		ED27C51B1BFE3F1800441B5C /* UserNavigationViewController.swift in Sources */ = {isa = PBXBuildFile; fileRef = ED27C51A1BFE3F1800441B5C /* UserNavigationViewController.swift */; };
		ED27C5211BFE66B100441B5C /* AddTimerViewController.swift in Sources */ = {isa = PBXBuildFile; fileRef = ED27C5201BFE66B100441B5C /* AddTimerViewController.swift */; };
		EDC4B2541BFD74AF00BEFF29 /* EditFloorsHeaderView.xib in Resources */ = {isa = PBXBuildFile; fileRef = EDC4B2531BFD74AF00BEFF29 /* EditFloorsHeaderView.xib */; };
		EDC4B2561BFD74C500BEFF29 /* EditFloorsHeaderView.swift in Sources */ = {isa = PBXBuildFile; fileRef = EDC4B2551BFD74C500BEFF29 /* EditFloorsHeaderView.swift */; };
		EDC4B2581BFD7B4C00BEFF29 /* RoomsListTableViewController.swift in Sources */ = {isa = PBXBuildFile; fileRef = EDC4B2571BFD7B4C00BEFF29 /* RoomsListTableViewController.swift */; };
		EDCC63E81BFDAD6E005D3187 /* EditTimersHeaderView.xib in Resources */ = {isa = PBXBuildFile; fileRef = EDCC63E71BFDAD6E005D3187 /* EditTimersHeaderView.xib */; };
		EDCC63EA1BFDADBE005D3187 /* EditTimersHeaderView.swift in Sources */ = {isa = PBXBuildFile; fileRef = EDCC63E91BFDADBE005D3187 /* EditTimersHeaderView.swift */; };
/* End PBXBuildFile section */

/* Begin PBXContainerItemProxy section */
		1CC05F531BC73110003DB99F /* PBXContainerItemProxy */ = {
			isa = PBXContainerItemProxy;
			containerPortal = 1CC05F361BC73110003DB99F /* Project object */;
			proxyType = 1;
			remoteGlobalIDString = 1CC05F3D1BC73110003DB99F;
			remoteInfo = TidyCo;
		};
		1CC05F5E1BC73110003DB99F /* PBXContainerItemProxy */ = {
			isa = PBXContainerItemProxy;
			containerPortal = 1CC05F361BC73110003DB99F /* Project object */;
			proxyType = 1;
			remoteGlobalIDString = 1CC05F3D1BC73110003DB99F;
			remoteInfo = TidyCo;
		};
/* End PBXContainerItemProxy section */

/* Begin PBXFileReference section */
		1C782C051BD053930046B280 /* LoginController.swift */ = {isa = PBXFileReference; fileEncoding = 4; lastKnownFileType = sourcecode.swift; name = LoginController.swift; path = Controller/LoginController.swift; sourceTree = "<group>"; };
		1C782C081BD0541A0046B280 /* ViewController.swift */ = {isa = PBXFileReference; fileEncoding = 4; lastKnownFileType = sourcecode.swift; name = ViewController.swift; path = Controller/ViewController.swift; sourceTree = "<group>"; };
		1C782C0A1BD065690046B280 /* ParseServiceStorageAdapter.swift */ = {isa = PBXFileReference; fileEncoding = 4; lastKnownFileType = sourcecode.swift; name = ParseServiceStorageAdapter.swift; path = Data/Database/ParseServiceStorageAdapter.swift; sourceTree = "<group>"; };
		1C782C0C1BD065870046B280 /* ParseEmployeeStorageAdapter.swift */ = {isa = PBXFileReference; fileEncoding = 4; lastKnownFileType = sourcecode.swift; name = ParseEmployeeStorageAdapter.swift; path = Data/Database/ParseEmployeeStorageAdapter.swift; sourceTree = "<group>"; };
		1C782C101BD075920046B280 /* ParseFloorStorageAdapter.swift */ = {isa = PBXFileReference; fileEncoding = 4; lastKnownFileType = sourcecode.swift; name = ParseFloorStorageAdapter.swift; path = Data/Database/ParseFloorStorageAdapter.swift; sourceTree = "<group>"; };
		1C782C131BD0764E0046B280 /* ParseTimerStorageAdapter.swift */ = {isa = PBXFileReference; fileEncoding = 4; lastKnownFileType = sourcecode.swift; name = ParseTimerStorageAdapter.swift; path = Data/Database/ParseTimerStorageAdapter.swift; sourceTree = "<group>"; };
		1C782C151BD077410046B280 /* EmployeeStorageAdapter.swift */ = {isa = PBXFileReference; fileEncoding = 4; lastKnownFileType = sourcecode.swift; name = EmployeeStorageAdapter.swift; path = Data/Database/Protocols/EmployeeStorageAdapter.swift; sourceTree = "<group>"; };
		1C782C161BD077410046B280 /* FloorStorageAdapter.swift */ = {isa = PBXFileReference; fileEncoding = 4; lastKnownFileType = sourcecode.swift; name = FloorStorageAdapter.swift; path = Data/Database/Protocols/FloorStorageAdapter.swift; sourceTree = "<group>"; };
		1C782C171BD077410046B280 /* ServiceStorageAdapter.swift */ = {isa = PBXFileReference; fileEncoding = 4; lastKnownFileType = sourcecode.swift; name = ServiceStorageAdapter.swift; path = Data/Database/Protocols/ServiceStorageAdapter.swift; sourceTree = "<group>"; };
		1C782C181BD077410046B280 /* TimerStorageAdapter.swift */ = {isa = PBXFileReference; fileEncoding = 4; lastKnownFileType = sourcecode.swift; name = TimerStorageAdapter.swift; path = Data/Database/Protocols/TimerStorageAdapter.swift; sourceTree = "<group>"; };
		1C7B8B601BF52E310069C10E /* ShapedButton.swift */ = {isa = PBXFileReference; fileEncoding = 4; lastKnownFileType = sourcecode.swift; name = ShapedButton.swift; path = Views/ShapedButton.swift; sourceTree = "<group>"; };
		1C7B8B621BF52ECF0069C10E /* CircularButton.swift */ = {isa = PBXFileReference; fileEncoding = 4; lastKnownFileType = sourcecode.swift; name = CircularButton.swift; path = Views/CircularButton.swift; sourceTree = "<group>"; };
		1C7B8B641BF565A70069C10E /* Floor.swift */ = {isa = PBXFileReference; fileEncoding = 4; lastKnownFileType = sourcecode.swift; name = Floor.swift; path = Data/Entities/Floor.swift; sourceTree = "<group>"; };
		1C7B8B661BFBC7EE0069C10E /* Main.storyboard */ = {isa = PBXFileReference; fileEncoding = 4; lastKnownFileType = file.storyboard; path = Main.storyboard; sourceTree = "<group>"; };
		1C7B8B6B1BFBD2350069C10E /* EmployeeProgressCell.xib */ = {isa = PBXFileReference; fileEncoding = 4; lastKnownFileType = file.xib; name = EmployeeProgressCell.xib; path = Cells/Views/EmployeeProgressCell.xib; sourceTree = "<group>"; };
		1C7B8B6D1BFBD6C50069C10E /* EmployeeProgressTableViewCell.swift */ = {isa = PBXFileReference; fileEncoding = 4; lastKnownFileType = sourcecode.swift; name = EmployeeProgressTableViewCell.swift; path = Cells/Controllers/EmployeeProgressTableViewCell.swift; sourceTree = "<group>"; };
		1C7B8B6F1BFCF76A0069C10E /* SingleEmployeeRoomProgressCell.xib */ = {isa = PBXFileReference; fileEncoding = 4; lastKnownFileType = file.xib; name = SingleEmployeeRoomProgressCell.xib; path = Cells/Views/SingleEmployeeRoomProgressCell.xib; sourceTree = "<group>"; };
		1C7B8B711BFCFC960069C10E /* SingleEmployeeProgressTableViewCell.swift */ = {isa = PBXFileReference; fileEncoding = 4; lastKnownFileType = sourcecode.swift; name = SingleEmployeeProgressTableViewCell.swift; path = Cells/Controllers/SingleEmployeeProgressTableViewCell.swift; sourceTree = "<group>"; };
		1C7B8B751BFFB2880069C10E /* EmployeeCurrentServiceCell.xib */ = {isa = PBXFileReference; fileEncoding = 4; lastKnownFileType = file.xib; path = EmployeeCurrentServiceCell.xib; sourceTree = "<group>"; };
		1C7B8B771BFFB34B0069C10E /* EmployeeUpcomingServiceCell.xib */ = {isa = PBXFileReference; fileEncoding = 4; lastKnownFileType = file.xib; name = EmployeeUpcomingServiceCell.xib; path = Cells/Views/EmployeeUpcomingServiceCell.xib; sourceTree = "<group>"; };
		1C7B8B791BFFB7CB0069C10E /* EmployeeCurrentServiceTableViewCell.swift */ = {isa = PBXFileReference; fileEncoding = 4; lastKnownFileType = sourcecode.swift; name = EmployeeCurrentServiceTableViewCell.swift; path = Cells/Controllers/EmployeeCurrentServiceTableViewCell.swift; sourceTree = "<group>"; };
		1C7B8B7B1BFFB7F20069C10E /* EmployeeUpcomingServiceTableViewCell.swift */ = {isa = PBXFileReference; fileEncoding = 4; lastKnownFileType = sourcecode.swift; name = EmployeeUpcomingServiceTableViewCell.swift; path = Cells/Controllers/EmployeeUpcomingServiceTableViewCell.swift; sourceTree = "<group>"; };
		1C7B8B7D1BFFEA160069C10E /* Schematics */ = {isa = PBXFileReference; lastKnownFileType = folder; name = Schematics; path = Docs/Schematics; sourceTree = "<group>"; };
		1CAAAB4A1BCD61C500E3650F /* TidyCo-Bridging-Header.h */ = {isa = PBXFileReference; lastKnownFileType = sourcecode.c.h; path = "TidyCo-Bridging-Header.h"; sourceTree = "<group>"; };
		1CAAAB4E1BD0031200E3650F /* Employee.swift */ = {isa = PBXFileReference; fileEncoding = 4; lastKnownFileType = sourcecode.swift; name = Employee.swift; path = Data/Entities/Employee.swift; sourceTree = "<group>"; };
		1CAAAB4F1BD0031200E3650F /* EmployeeType.swift */ = {isa = PBXFileReference; fileEncoding = 4; lastKnownFileType = sourcecode.swift; name = EmployeeType.swift; path = Data/Entities/EmployeeType.swift; sourceTree = "<group>"; };
		1CAAAB501BD0031200E3650F /* Room.swift */ = {isa = PBXFileReference; fileEncoding = 4; lastKnownFileType = sourcecode.swift; name = Room.swift; path = Data/Entities/Room.swift; sourceTree = "<group>"; };
		1CAAAB511BD0031200E3650F /* Service.swift */ = {isa = PBXFileReference; fileEncoding = 4; lastKnownFileType = sourcecode.swift; name = Service.swift; path = Data/Entities/Service.swift; sourceTree = "<group>"; };
		1CAAAB521BD0031200E3650F /* ServiceType.swift */ = {isa = PBXFileReference; fileEncoding = 4; lastKnownFileType = sourcecode.swift; name = ServiceType.swift; path = Data/Entities/ServiceType.swift; sourceTree = "<group>"; };
		1CAAAB531BD0031200E3650F /* Timer.swift */ = {isa = PBXFileReference; fileEncoding = 4; lastKnownFileType = sourcecode.swift; name = Timer.swift; path = Data/Entities/Timer.swift; sourceTree = "<group>"; };
		1CC05F3E1BC73110003DB99F /* TidyCo.app */ = {isa = PBXFileReference; explicitFileType = wrapper.application; includeInIndex = 0; path = TidyCo.app; sourceTree = BUILT_PRODUCTS_DIR; };
		1CC05F411BC73110003DB99F /* AppDelegate.swift */ = {isa = PBXFileReference; lastKnownFileType = sourcecode.swift; path = AppDelegate.swift; sourceTree = "<group>"; };
		1CC05F481BC73110003DB99F /* Assets.xcassets */ = {isa = PBXFileReference; lastKnownFileType = folder.assetcatalog; path = Assets.xcassets; sourceTree = "<group>"; };
		1CC05F4B1BC73110003DB99F /* Base */ = {isa = PBXFileReference; lastKnownFileType = file.storyboard; name = Base; path = Base.lproj/LaunchScreen.storyboard; sourceTree = "<group>"; };
		1CC05F4D1BC73110003DB99F /* Info.plist */ = {isa = PBXFileReference; lastKnownFileType = text.plist.xml; path = Info.plist; sourceTree = "<group>"; };
		1CC05F521BC73110003DB99F /* TidyCoTests.xctest */ = {isa = PBXFileReference; explicitFileType = wrapper.cfbundle; includeInIndex = 0; path = TidyCoTests.xctest; sourceTree = BUILT_PRODUCTS_DIR; };
		1CC05F561BC73110003DB99F /* TidyCoTests.swift */ = {isa = PBXFileReference; lastKnownFileType = sourcecode.swift; path = TidyCoTests.swift; sourceTree = "<group>"; };
		1CC05F581BC73110003DB99F /* Info.plist */ = {isa = PBXFileReference; lastKnownFileType = text.plist.xml; path = Info.plist; sourceTree = "<group>"; };
		1CC05F5D1BC73110003DB99F /* TidyCoUITests.xctest */ = {isa = PBXFileReference; explicitFileType = wrapper.cfbundle; includeInIndex = 0; path = TidyCoUITests.xctest; sourceTree = BUILT_PRODUCTS_DIR; };
		1CC05F611BC73110003DB99F /* TidyCoUITests.swift */ = {isa = PBXFileReference; lastKnownFileType = sourcecode.swift; path = TidyCoUITests.swift; sourceTree = "<group>"; };
		1CC05F631BC73110003DB99F /* Info.plist */ = {isa = PBXFileReference; lastKnownFileType = text.plist.xml; path = Info.plist; sourceTree = "<group>"; };
		1CDB9C031BEC4F6900A9DEA9 /* StringUitls.swift */ = {isa = PBXFileReference; fileEncoding = 4; lastKnownFileType = sourcecode.swift; name = StringUitls.swift; path = Utils/StringUitls.swift; sourceTree = "<group>"; };
		1CDB9C061BF0188100A9DEA9 /* AppDesignVisuals.pdf */ = {isa = PBXFileReference; lastKnownFileType = image.pdf; name = AppDesignVisuals.pdf; path = Docs/AppDesignVisuals.pdf; sourceTree = "<group>"; };
		1CDB9C191BF0350000A9DEA9 /* HKAppWireframes.pdf */ = {isa = PBXFileReference; lastKnownFileType = image.pdf; name = HKAppWireframes.pdf; path = Docs/HKAppWireframes.pdf; sourceTree = "<group>"; };
		3022936D46E13BD6DBA6332E /* Pods-TidyCoTests.debug.xcconfig */ = {isa = PBXFileReference; includeInIndex = 1; lastKnownFileType = text.xcconfig; name = "Pods-TidyCoTests.debug.xcconfig"; path = "Pods/Target Support Files/Pods-TidyCoTests/Pods-TidyCoTests.debug.xcconfig"; sourceTree = "<group>"; };
		7FF9427A1BFD45EF00E15C38 /* EditWorkforceHeaderViewClass.swift */ = {isa = PBXFileReference; fileEncoding = 4; lastKnownFileType = sourcecode.swift; path = EditWorkforceHeaderViewClass.swift; sourceTree = "<group>"; };
		7FF9427B1BFD45EF00E15C38 /* EditWorkforceTableViewCell.swift */ = {isa = PBXFileReference; fileEncoding = 4; lastKnownFileType = sourcecode.swift; path = EditWorkforceTableViewCell.swift; sourceTree = "<group>"; };
		7FF9427E1BFD460100E15C38 /* EditWorkforceHeaderView.xib */ = {isa = PBXFileReference; fileEncoding = 4; lastKnownFileType = file.xib; path = EditWorkforceHeaderView.xib; sourceTree = "<group>"; };
		7FF9427F1BFD460100E15C38 /* EditWorkforceView.xib */ = {isa = PBXFileReference; fileEncoding = 4; lastKnownFileType = file.xib; path = EditWorkforceView.xib; sourceTree = "<group>"; };
		8C9D6F8DAAC9904774151F5F /* Pods-TidyCoTests.release.xcconfig */ = {isa = PBXFileReference; includeInIndex = 1; lastKnownFileType = text.xcconfig; name = "Pods-TidyCoTests.release.xcconfig"; path = "Pods/Target Support Files/Pods-TidyCoTests/Pods-TidyCoTests.release.xcconfig"; sourceTree = "<group>"; };
		B19C3FE266F997844FA31452 /* Pods-TidyCo.release.xcconfig */ = {isa = PBXFileReference; includeInIndex = 1; lastKnownFileType = text.xcconfig; name = "Pods-TidyCo.release.xcconfig"; path = "Pods/Target Support Files/Pods-TidyCo/Pods-TidyCo.release.xcconfig"; sourceTree = "<group>"; };
		B7D4D7B494EA5B992EC8F1E9 /* libPods-TidyCoTests.a */ = {isa = PBXFileReference; explicitFileType = archive.ar; includeInIndex = 0; path = "libPods-TidyCoTests.a"; sourceTree = BUILT_PRODUCTS_DIR; };
		CE617F29106482EDF060A424 /* libPods-TidyCo.a */ = {isa = PBXFileReference; explicitFileType = archive.ar; includeInIndex = 0; path = "libPods-TidyCo.a"; sourceTree = BUILT_PRODUCTS_DIR; };
		ED026B8D1BFD9CB200842292 /* EditRoomsHeaderView.swift */ = {isa = PBXFileReference; fileEncoding = 4; lastKnownFileType = sourcecode.swift; path = EditRoomsHeaderView.swift; sourceTree = "<group>"; };
		ED026B8F1BFD9CCE00842292 /* EditRoomsHeaderView.xib */ = {isa = PBXFileReference; fileEncoding = 4; lastKnownFileType = file.xib; path = EditRoomsHeaderView.xib; sourceTree = "<group>"; };
		ED104A211BFB9B78004E0769 /* EmployeeRoomTableViewController.swift */ = {isa = PBXFileReference; fileEncoding = 4; lastKnownFileType = sourcecode.swift; path = EmployeeRoomTableViewController.swift; sourceTree = "<group>"; };
		ED104A251BFB9C07004E0769 /* ManagerTabBarViewController.swift */ = {isa = PBXFileReference; fileEncoding = 4; lastKnownFileType = sourcecode.swift; path = ManagerTabBarViewController.swift; sourceTree = "<group>"; };
		ED104A271BFB9C3F004E0769 /* EditRoomsTableViewController.swift */ = {isa = PBXFileReference; fileEncoding = 4; lastKnownFileType = sourcecode.swift; path = EditRoomsTableViewController.swift; sourceTree = "<group>"; };
		ED104A291BFB9C64004E0769 /* EditTimersTableViewController.swift */ = {isa = PBXFileReference; fileEncoding = 4; lastKnownFileType = sourcecode.swift; path = EditTimersTableViewController.swift; sourceTree = "<group>"; };
		ED104A2B1BFB9C94004E0769 /* EditWorkforceTableViewController.swift */ = {isa = PBXFileReference; fileEncoding = 4; lastKnownFileType = sourcecode.swift; path = EditWorkforceTableViewController.swift; sourceTree = "<group>"; };
		ED104A2D1BFB9CB5004E0769 /* AddEmployeesViewController.swift */ = {isa = PBXFileReference; fileEncoding = 4; lastKnownFileType = sourcecode.swift; path = AddEmployeesViewController.swift; sourceTree = "<group>"; };
		ED104A2F1BFB9D1A004E0769 /* AssignRoomsTableViewController.swift */ = {isa = PBXFileReference; fileEncoding = 4; lastKnownFileType = sourcecode.swift; path = AssignRoomsTableViewController.swift; sourceTree = "<group>"; };
		ED104A311BFB9D38004E0769 /* RoomsToAssignTableViewController.swift */ = {isa = PBXFileReference; fileEncoding = 4; lastKnownFileType = sourcecode.swift; path = RoomsToAssignTableViewController.swift; sourceTree = "<group>"; };
		ED104A331BFB9D61004E0769 /* ViewProgressTableViewController.swift */ = {isa = PBXFileReference; fileEncoding = 4; lastKnownFileType = sourcecode.swift; path = ViewProgressTableViewController.swift; sourceTree = "<group>"; };
		ED104A351BFB9D7C004E0769 /* EmployeeProgressViewTableViewController.swift */ = {isa = PBXFileReference; fileEncoding = 4; lastKnownFileType = sourcecode.swift; path = EmployeeProgressViewTableViewController.swift; sourceTree = "<group>"; };
		ED104A371BFB9E5F004E0769 /* EmployeeRoomNotesViewController.swift */ = {isa = PBXFileReference; fileEncoding = 4; lastKnownFileType = sourcecode.swift; path = EmployeeRoomNotesViewController.swift; sourceTree = "<group>"; };
		ED104A391BFB9E89004E0769 /* RoomNotesViewController.swift */ = {isa = PBXFileReference; fileEncoding = 4; lastKnownFileType = sourcecode.swift; path = RoomNotesViewController.swift; sourceTree = "<group>"; };
		ED27C51A1BFE3F1800441B5C /* UserNavigationViewController.swift */ = {isa = PBXFileReference; fileEncoding = 4; lastKnownFileType = sourcecode.swift; path = UserNavigationViewController.swift; sourceTree = "<group>"; };
		ED27C5201BFE66B100441B5C /* AddTimerViewController.swift */ = {isa = PBXFileReference; fileEncoding = 4; lastKnownFileType = sourcecode.swift; path = AddTimerViewController.swift; sourceTree = "<group>"; };
		EDC4B2531BFD74AF00BEFF29 /* EditFloorsHeaderView.xib */ = {isa = PBXFileReference; fileEncoding = 4; lastKnownFileType = file.xib; path = EditFloorsHeaderView.xib; sourceTree = "<group>"; };
		EDC4B2551BFD74C500BEFF29 /* EditFloorsHeaderView.swift */ = {isa = PBXFileReference; fileEncoding = 4; lastKnownFileType = sourcecode.swift; path = EditFloorsHeaderView.swift; sourceTree = "<group>"; };
		EDC4B2571BFD7B4C00BEFF29 /* RoomsListTableViewController.swift */ = {isa = PBXFileReference; fileEncoding = 4; lastKnownFileType = sourcecode.swift; path = RoomsListTableViewController.swift; sourceTree = "<group>"; };
		EDCC63E71BFDAD6E005D3187 /* EditTimersHeaderView.xib */ = {isa = PBXFileReference; fileEncoding = 4; lastKnownFileType = file.xib; path = EditTimersHeaderView.xib; sourceTree = "<group>"; };
		EDCC63E91BFDADBE005D3187 /* EditTimersHeaderView.swift */ = {isa = PBXFileReference; fileEncoding = 4; lastKnownFileType = sourcecode.swift; path = EditTimersHeaderView.swift; sourceTree = "<group>"; };
		F4E47071B70FAE5877A6DED9 /* Pods-TidyCo.debug.xcconfig */ = {isa = PBXFileReference; includeInIndex = 1; lastKnownFileType = text.xcconfig; name = "Pods-TidyCo.debug.xcconfig"; path = "Pods/Target Support Files/Pods-TidyCo/Pods-TidyCo.debug.xcconfig"; sourceTree = "<group>"; };
/* End PBXFileReference section */

/* Begin PBXFrameworksBuildPhase section */
		1CC05F3B1BC73110003DB99F /* Frameworks */ = {
			isa = PBXFrameworksBuildPhase;
			buildActionMask = 2147483647;
			files = (
				7E0C1AE4EED781457A18FFF7 /* libPods-TidyCo.a in Frameworks */,
			);
			runOnlyForDeploymentPostprocessing = 0;
		};
		1CC05F4F1BC73110003DB99F /* Frameworks */ = {
			isa = PBXFrameworksBuildPhase;
			buildActionMask = 2147483647;
			files = (
				A2BDB33ED5D9E26DA6056014 /* libPods-TidyCoTests.a in Frameworks */,
			);
			runOnlyForDeploymentPostprocessing = 0;
		};
		1CC05F5A1BC73110003DB99F /* Frameworks */ = {
			isa = PBXFrameworksBuildPhase;
			buildActionMask = 2147483647;
			files = (
			);
			runOnlyForDeploymentPostprocessing = 0;
		};
/* End PBXFrameworksBuildPhase section */

/* Begin PBXGroup section */
		1C782C071BD053A60046B280 /* Controller */ = {
			isa = PBXGroup;
			children = (
				1C782C051BD053930046B280 /* LoginController.swift */,
				1C782C081BD0541A0046B280 /* ViewController.swift */,
				ED104A211BFB9B78004E0769 /* EmployeeRoomTableViewController.swift */,
				ED104A251BFB9C07004E0769 /* ManagerTabBarViewController.swift */,
				ED104A271BFB9C3F004E0769 /* EditRoomsTableViewController.swift */,
				ED104A291BFB9C64004E0769 /* EditTimersTableViewController.swift */,
				ED104A2B1BFB9C94004E0769 /* EditWorkforceTableViewController.swift */,
				ED104A2D1BFB9CB5004E0769 /* AddEmployeesViewController.swift */,
				ED104A2F1BFB9D1A004E0769 /* AssignRoomsTableViewController.swift */,
				ED104A311BFB9D38004E0769 /* RoomsToAssignTableViewController.swift */,
				ED104A331BFB9D61004E0769 /* ViewProgressTableViewController.swift */,
				ED104A351BFB9D7C004E0769 /* EmployeeProgressViewTableViewController.swift */,
				ED104A371BFB9E5F004E0769 /* EmployeeRoomNotesViewController.swift */,
				ED104A391BFB9E89004E0769 /* RoomNotesViewController.swift */,
				EDC4B2571BFD7B4C00BEFF29 /* RoomsListTableViewController.swift */,
				ED27C51A1BFE3F1800441B5C /* UserNavigationViewController.swift */,
				ED27C5201BFE66B100441B5C /* AddTimerViewController.swift */,
			);
			name = Controller;
			sourceTree = "<group>";
		};
		1C782C121BD075EB0046B280 /* Protocols */ = {
			isa = PBXGroup;
			children = (
				1C782C151BD077410046B280 /* EmployeeStorageAdapter.swift */,
				1C782C161BD077410046B280 /* FloorStorageAdapter.swift */,
				1C782C171BD077410046B280 /* ServiceStorageAdapter.swift */,
				1C782C181BD077410046B280 /* TimerStorageAdapter.swift */,
			);
			name = Protocols;
			sourceTree = "<group>";
		};
		1C7B8B5F1BF52DA10069C10E /* Views */ = {
			isa = PBXGroup;
			children = (
				1C7B8B601BF52E310069C10E /* ShapedButton.swift */,
				1C7B8B621BF52ECF0069C10E /* CircularButton.swift */,
			);
			name = Views;
			sourceTree = "<group>";
		};
		1C7B8B681BFBD1A00069C10E /* Cells */ = {
			isa = PBXGroup;
			children = (
				1C7B8B6A1BFBD1DF0069C10E /* Controllers */,
				1C7B8B691BFBD1D50069C10E /* Views */,
			);
			name = Cells;
			sourceTree = "<group>";
		};
		1C7B8B691BFBD1D50069C10E /* Views */ = {
			isa = PBXGroup;
			children = (
				7FF9427E1BFD460100E15C38 /* EditWorkforceHeaderView.xib */,
				7FF9427F1BFD460100E15C38 /* EditWorkforceView.xib */,
				1C7B8B6B1BFBD2350069C10E /* EmployeeProgressCell.xib */,
				1C7B8B6F1BFCF76A0069C10E /* SingleEmployeeRoomProgressCell.xib */,
				EDC4B2531BFD74AF00BEFF29 /* EditFloorsHeaderView.xib */,
				ED026B8F1BFD9CCE00842292 /* EditRoomsHeaderView.xib */,
				EDCC63E71BFDAD6E005D3187 /* EditTimersHeaderView.xib */,
				1C7B8B751BFFB2880069C10E /* EmployeeCurrentServiceCell.xib */,
				1C7B8B771BFFB34B0069C10E /* EmployeeUpcomingServiceCell.xib */,
			);
			name = Views;
			sourceTree = "<group>";
		};
		1C7B8B6A1BFBD1DF0069C10E /* Controllers */ = {
			isa = PBXGroup;
			children = (
				7FF9427A1BFD45EF00E15C38 /* EditWorkforceHeaderViewClass.swift */,
				7FF9427B1BFD45EF00E15C38 /* EditWorkforceTableViewCell.swift */,
				1C7B8B6D1BFBD6C50069C10E /* EmployeeProgressTableViewCell.swift */,
				1C7B8B711BFCFC960069C10E /* SingleEmployeeProgressTableViewCell.swift */,
				EDC4B2551BFD74C500BEFF29 /* EditFloorsHeaderView.swift */,
				ED026B8D1BFD9CB200842292 /* EditRoomsHeaderView.swift */,
				EDCC63E91BFDADBE005D3187 /* EditTimersHeaderView.swift */,
				1C7B8B791BFFB7CB0069C10E /* EmployeeCurrentServiceTableViewCell.swift */,
				1C7B8B7B1BFFB7F20069C10E /* EmployeeUpcomingServiceTableViewCell.swift */,
			);
			name = Controllers;
			sourceTree = "<group>";
		};
		1CAAAB491BCD61AB00E3650F /* ObjC */ = {
			isa = PBXGroup;
			children = (
				1CAAAB4A1BCD61C500E3650F /* TidyCo-Bridging-Header.h */,
			);
			name = ObjC;
			sourceTree = "<group>";
		};
		1CAAAB4D1BCFFF7200E3650F /* Data */ = {
			isa = PBXGroup;
			children = (
				1CAAAB5A1BD0037F00E3650F /* Database */,
				1CBB96C51BCD5A95009A4C17 /* Entities */,
			);
			name = Data;
			sourceTree = "<group>";
		};
		1CAAAB5A1BD0037F00E3650F /* Database */ = {
			isa = PBXGroup;
			children = (
				1C782C121BD075EB0046B280 /* Protocols */,
				1C782C0C1BD065870046B280 /* ParseEmployeeStorageAdapter.swift */,
				1C782C101BD075920046B280 /* ParseFloorStorageAdapter.swift */,
				1C782C0A1BD065690046B280 /* ParseServiceStorageAdapter.swift */,
				1C782C131BD0764E0046B280 /* ParseTimerStorageAdapter.swift */,
			);
			name = Database;
			sourceTree = "<group>";
		};
		1CBB96C51BCD5A95009A4C17 /* Entities */ = {
			isa = PBXGroup;
			children = (
				1CAAAB4E1BD0031200E3650F /* Employee.swift */,
				1CAAAB4F1BD0031200E3650F /* EmployeeType.swift */,
				1CAAAB501BD0031200E3650F /* Room.swift */,
				1CAAAB511BD0031200E3650F /* Service.swift */,
				1CAAAB521BD0031200E3650F /* ServiceType.swift */,
				1CAAAB531BD0031200E3650F /* Timer.swift */,
				1C7B8B641BF565A70069C10E /* Floor.swift */,
			);
			name = Entities;
			sourceTree = "<group>";
		};
		1CC05F351BC73110003DB99F = {
			isa = PBXGroup;
			children = (
				1CDB9C051BF0186D00A9DEA9 /* Docs */,
				1CC05F401BC73110003DB99F /* TidyCo */,
				1CC05F551BC73110003DB99F /* TidyCoTests */,
				1CC05F601BC73110003DB99F /* TidyCoUITests */,
				1CC05F3F1BC73110003DB99F /* Products */,
				2956BE12243FB2D4B32256E5 /* Pods */,
				8D8DCE2FB95F545A39D17DCA /* Frameworks */,
			);
			sourceTree = "<group>";
		};
		1CC05F3F1BC73110003DB99F /* Products */ = {
			isa = PBXGroup;
			children = (
				1CC05F3E1BC73110003DB99F /* TidyCo.app */,
				1CC05F521BC73110003DB99F /* TidyCoTests.xctest */,
				1CC05F5D1BC73110003DB99F /* TidyCoUITests.xctest */,
			);
			name = Products;
			sourceTree = "<group>";
		};
		1CC05F401BC73110003DB99F /* TidyCo */ = {
			isa = PBXGroup;
			children = (
				1C7B8B681BFBD1A00069C10E /* Cells */,
				1C7B8B5F1BF52DA10069C10E /* Views */,
				1CDB9C021BEC4E4F00A9DEA9 /* Utils */,
				1C782C071BD053A60046B280 /* Controller */,
				1CAAAB4D1BCFFF7200E3650F /* Data */,
				1CAAAB491BCD61AB00E3650F /* ObjC */,
				1CC05F411BC73110003DB99F /* AppDelegate.swift */,
				1C7B8B661BFBC7EE0069C10E /* Main.storyboard */,
				1CC05F481BC73110003DB99F /* Assets.xcassets */,
				1CC05F4A1BC73110003DB99F /* LaunchScreen.storyboard */,
				1CC05F4D1BC73110003DB99F /* Info.plist */,
			);
			path = TidyCo;
			sourceTree = "<group>";
		};
		1CC05F551BC73110003DB99F /* TidyCoTests */ = {
			isa = PBXGroup;
			children = (
				1CC05F561BC73110003DB99F /* TidyCoTests.swift */,
				1CC05F581BC73110003DB99F /* Info.plist */,
			);
			path = TidyCoTests;
			sourceTree = "<group>";
		};
		1CC05F601BC73110003DB99F /* TidyCoUITests */ = {
			isa = PBXGroup;
			children = (
				1CC05F611BC73110003DB99F /* TidyCoUITests.swift */,
				1CC05F631BC73110003DB99F /* Info.plist */,
			);
			path = TidyCoUITests;
			sourceTree = "<group>";
		};
		1CDB9C021BEC4E4F00A9DEA9 /* Utils */ = {
			isa = PBXGroup;
			children = (
				1CDB9C031BEC4F6900A9DEA9 /* StringUitls.swift */,
			);
			name = Utils;
			sourceTree = "<group>";
		};
		1CDB9C051BF0186D00A9DEA9 /* Docs */ = {
			isa = PBXGroup;
			children = (
				1CDB9C191BF0350000A9DEA9 /* HKAppWireframes.pdf */,
				1CDB9C061BF0188100A9DEA9 /* AppDesignVisuals.pdf */,
				1C7B8B7D1BFFEA160069C10E /* Schematics */,
			);
			name = Docs;
			sourceTree = "<group>";
		};
		2956BE12243FB2D4B32256E5 /* Pods */ = {
			isa = PBXGroup;
			children = (
				F4E47071B70FAE5877A6DED9 /* Pods-TidyCo.debug.xcconfig */,
				B19C3FE266F997844FA31452 /* Pods-TidyCo.release.xcconfig */,
				3022936D46E13BD6DBA6332E /* Pods-TidyCoTests.debug.xcconfig */,
				8C9D6F8DAAC9904774151F5F /* Pods-TidyCoTests.release.xcconfig */,
			);
			name = Pods;
			sourceTree = "<group>";
		};
		8D8DCE2FB95F545A39D17DCA /* Frameworks */ = {
			isa = PBXGroup;
			children = (
				CE617F29106482EDF060A424 /* libPods-TidyCo.a */,
				B7D4D7B494EA5B992EC8F1E9 /* libPods-TidyCoTests.a */,
			);
			name = Frameworks;
			sourceTree = "<group>";
		};
/* End PBXGroup section */

/* Begin PBXNativeTarget section */
		1CC05F3D1BC73110003DB99F /* TidyCo */ = {
			isa = PBXNativeTarget;
			buildConfigurationList = 1CC05F661BC73110003DB99F /* Build configuration list for PBXNativeTarget "TidyCo" */;
			buildPhases = (
				3AE92BB1E1923C86F8716FD6 /* Check Pods Manifest.lock */,
				1CC05F3A1BC73110003DB99F /* Sources */,
				1CC05F3B1BC73110003DB99F /* Frameworks */,
				1CC05F3C1BC73110003DB99F /* Resources */,
				8899195F0671FBE3D5829F95 /* Copy Pods Resources */,
			);
			buildRules = (
			);
			dependencies = (
			);
			name = TidyCo;
			productName = TidyCo;
			productReference = 1CC05F3E1BC73110003DB99F /* TidyCo.app */;
			productType = "com.apple.product-type.application";
		};
		1CC05F511BC73110003DB99F /* TidyCoTests */ = {
			isa = PBXNativeTarget;
			buildConfigurationList = 1CC05F691BC73110003DB99F /* Build configuration list for PBXNativeTarget "TidyCoTests" */;
			buildPhases = (
				DB16F54A710C3B385E9684A4 /* Check Pods Manifest.lock */,
				1CC05F4E1BC73110003DB99F /* Sources */,
				1CC05F4F1BC73110003DB99F /* Frameworks */,
				1CC05F501BC73110003DB99F /* Resources */,
				799F2A7A3816F6638170CBD5 /* Copy Pods Resources */,
			);
			buildRules = (
			);
			dependencies = (
				1CC05F541BC73110003DB99F /* PBXTargetDependency */,
			);
			name = TidyCoTests;
			productName = TidyCoTests;
			productReference = 1CC05F521BC73110003DB99F /* TidyCoTests.xctest */;
			productType = "com.apple.product-type.bundle.unit-test";
		};
		1CC05F5C1BC73110003DB99F /* TidyCoUITests */ = {
			isa = PBXNativeTarget;
			buildConfigurationList = 1CC05F6C1BC73110003DB99F /* Build configuration list for PBXNativeTarget "TidyCoUITests" */;
			buildPhases = (
				1CC05F591BC73110003DB99F /* Sources */,
				1CC05F5A1BC73110003DB99F /* Frameworks */,
				1CC05F5B1BC73110003DB99F /* Resources */,
			);
			buildRules = (
			);
			dependencies = (
				1CC05F5F1BC73110003DB99F /* PBXTargetDependency */,
			);
			name = TidyCoUITests;
			productName = TidyCoUITests;
			productReference = 1CC05F5D1BC73110003DB99F /* TidyCoUITests.xctest */;
			productType = "com.apple.product-type.bundle.ui-testing";
		};
/* End PBXNativeTarget section */

/* Begin PBXProject section */
		1CC05F361BC73110003DB99F /* Project object */ = {
			isa = PBXProject;
			attributes = {
				LastSwiftUpdateCheck = 0700;
				LastUpgradeCheck = 0700;
				ORGANIZATIONNAME = "Team Silver";
				TargetAttributes = {
					1CC05F3D1BC73110003DB99F = {
						CreatedOnToolsVersion = 7.0.1;
						DevelopmentTeam = 6AF8M48F29;
					};
					1CC05F511BC73110003DB99F = {
						CreatedOnToolsVersion = 7.0.1;
						DevelopmentTeam = 6AF8M48F29;
						TestTargetID = 1CC05F3D1BC73110003DB99F;
					};
					1CC05F5C1BC73110003DB99F = {
						CreatedOnToolsVersion = 7.0.1;
						DevelopmentTeam = 6AF8M48F29;
						TestTargetID = 1CC05F3D1BC73110003DB99F;
					};
				};
			};
			buildConfigurationList = 1CC05F391BC73110003DB99F /* Build configuration list for PBXProject "TidyCo" */;
			compatibilityVersion = "Xcode 3.2";
			developmentRegion = English;
			hasScannedForEncodings = 0;
			knownRegions = (
				en,
				Base,
			);
			mainGroup = 1CC05F351BC73110003DB99F;
			productRefGroup = 1CC05F3F1BC73110003DB99F /* Products */;
			projectDirPath = "";
			projectRoot = "";
			targets = (
				1CC05F3D1BC73110003DB99F /* TidyCo */,
				1CC05F511BC73110003DB99F /* TidyCoTests */,
				1CC05F5C1BC73110003DB99F /* TidyCoUITests */,
			);
		};
/* End PBXProject section */

/* Begin PBXResourcesBuildPhase section */
		1CC05F3C1BC73110003DB99F /* Resources */ = {
			isa = PBXResourcesBuildPhase;
			buildActionMask = 2147483647;
			files = (
				EDC4B2541BFD74AF00BEFF29 /* EditFloorsHeaderView.xib in Resources */,
				EDCC63E81BFDAD6E005D3187 /* EditTimersHeaderView.xib in Resources */,
				1C7B8B671BFBC7EE0069C10E /* Main.storyboard in Resources */,
				1C7B8B781BFFB34B0069C10E /* EmployeeUpcomingServiceCell.xib in Resources */,
				7FF942811BFD460100E15C38 /* EditWorkforceView.xib in Resources */,
				1C7B8B761BFFB2880069C10E /* EmployeeCurrentServiceCell.xib in Resources */,
				1CC05F4C1BC73110003DB99F /* LaunchScreen.storyboard in Resources */,
				7FF942801BFD460100E15C38 /* EditWorkforceHeaderView.xib in Resources */,
				1C7B8B7E1BFFEA160069C10E /* Schematics in Resources */,
				1C7B8B6C1BFBD2350069C10E /* EmployeeProgressCell.xib in Resources */,
				1CC05F491BC73110003DB99F /* Assets.xcassets in Resources */,
				1C7B8B701BFCF76A0069C10E /* SingleEmployeeRoomProgressCell.xib in Resources */,
				ED026B901BFD9CCE00842292 /* EditRoomsHeaderView.xib in Resources */,
			);
			runOnlyForDeploymentPostprocessing = 0;
		};
		1CC05F501BC73110003DB99F /* Resources */ = {
			isa = PBXResourcesBuildPhase;
			buildActionMask = 2147483647;
			files = (
			);
			runOnlyForDeploymentPostprocessing = 0;
		};
		1CC05F5B1BC73110003DB99F /* Resources */ = {
			isa = PBXResourcesBuildPhase;
			buildActionMask = 2147483647;
			files = (
			);
			runOnlyForDeploymentPostprocessing = 0;
		};
/* End PBXResourcesBuildPhase section */

/* Begin PBXShellScriptBuildPhase section */
		3AE92BB1E1923C86F8716FD6 /* Check Pods Manifest.lock */ = {
			isa = PBXShellScriptBuildPhase;
			buildActionMask = 2147483647;
			files = (
			);
			inputPaths = (
			);
			name = "Check Pods Manifest.lock";
			outputPaths = (
			);
			runOnlyForDeploymentPostprocessing = 0;
			shellPath = /bin/sh;
			shellScript = "diff \"${PODS_ROOT}/../Podfile.lock\" \"${PODS_ROOT}/Manifest.lock\" > /dev/null\nif [[ $? != 0 ]] ; then\n    cat << EOM\nerror: The sandbox is not in sync with the Podfile.lock. Run 'pod install' or update your CocoaPods installation.\nEOM\n    exit 1\nfi\n";
			showEnvVarsInLog = 0;
		};
		799F2A7A3816F6638170CBD5 /* Copy Pods Resources */ = {
			isa = PBXShellScriptBuildPhase;
			buildActionMask = 2147483647;
			files = (
			);
			inputPaths = (
			);
			name = "Copy Pods Resources";
			outputPaths = (
			);
			runOnlyForDeploymentPostprocessing = 0;
			shellPath = /bin/sh;
			shellScript = "\"${SRCROOT}/Pods/Target Support Files/Pods-TidyCoTests/Pods-TidyCoTests-resources.sh\"\n";
			showEnvVarsInLog = 0;
		};
		8899195F0671FBE3D5829F95 /* Copy Pods Resources */ = {
			isa = PBXShellScriptBuildPhase;
			buildActionMask = 2147483647;
			files = (
			);
			inputPaths = (
			);
			name = "Copy Pods Resources";
			outputPaths = (
			);
			runOnlyForDeploymentPostprocessing = 0;
			shellPath = /bin/sh;
			shellScript = "\"${SRCROOT}/Pods/Target Support Files/Pods-TidyCo/Pods-TidyCo-resources.sh\"\n";
			showEnvVarsInLog = 0;
		};
		DB16F54A710C3B385E9684A4 /* Check Pods Manifest.lock */ = {
			isa = PBXShellScriptBuildPhase;
			buildActionMask = 2147483647;
			files = (
			);
			inputPaths = (
			);
			name = "Check Pods Manifest.lock";
			outputPaths = (
			);
			runOnlyForDeploymentPostprocessing = 0;
			shellPath = /bin/sh;
			shellScript = "diff \"${PODS_ROOT}/../Podfile.lock\" \"${PODS_ROOT}/Manifest.lock\" > /dev/null\nif [[ $? != 0 ]] ; then\n    cat << EOM\nerror: The sandbox is not in sync with the Podfile.lock. Run 'pod install' or update your CocoaPods installation.\nEOM\n    exit 1\nfi\n";
			showEnvVarsInLog = 0;
		};
/* End PBXShellScriptBuildPhase section */

/* Begin PBXSourcesBuildPhase section */
		1CC05F3A1BC73110003DB99F /* Sources */ = {
			isa = PBXSourcesBuildPhase;
			buildActionMask = 2147483647;
			files = (
				1C782C091BD0541A0046B280 /* ViewController.swift in Sources */,
				1CAAAB541BD0031200E3650F /* Employee.swift in Sources */,
				EDC4B2581BFD7B4C00BEFF29 /* RoomsListTableViewController.swift in Sources */,
				ED104A321BFB9D38004E0769 /* RoomsToAssignTableViewController.swift in Sources */,
				ED104A221BFB9B78004E0769 /* EmployeeRoomTableViewController.swift in Sources */,
				EDCC63EA1BFDADBE005D3187 /* EditTimersHeaderView.swift in Sources */,
				1C782C1C1BD077410046B280 /* TimerStorageAdapter.swift in Sources */,
				ED104A381BFB9E5F004E0769 /* EmployeeRoomNotesViewController.swift in Sources */,
				1C7B8B651BF565A70069C10E /* Floor.swift in Sources */,
				1C782C1A1BD077410046B280 /* FloorStorageAdapter.swift in Sources */,
				ED104A301BFB9D1A004E0769 /* AssignRoomsTableViewController.swift in Sources */,
				1C7B8B7A1BFFB7CB0069C10E /* EmployeeCurrentServiceTableViewCell.swift in Sources */,
				1C7B8B631BF52ECF0069C10E /* CircularButton.swift in Sources */,
				1CAAAB581BD0031200E3650F /* ServiceType.swift in Sources */,
				1C782C0E1BD065870046B280 /* ParseEmployeeStorageAdapter.swift in Sources */,
				1C7B8B611BF52E310069C10E /* ShapedButton.swift in Sources */,
				ED026B8E1BFD9CB200842292 /* EditRoomsHeaderView.swift in Sources */,
				1C782C111BD075920046B280 /* ParseFloorStorageAdapter.swift in Sources */,
				1CDB9C041BEC4F6900A9DEA9 /* StringUitls.swift in Sources */,
				ED104A2C1BFB9C94004E0769 /* EditWorkforceTableViewController.swift in Sources */,
				1C782C191BD077410046B280 /* EmployeeStorageAdapter.swift in Sources */,
				1C7B8B721BFCFC960069C10E /* SingleEmployeeProgressTableViewCell.swift in Sources */,
				ED104A261BFB9C07004E0769 /* ManagerTabBarViewController.swift in Sources */,
				1C782C1B1BD077410046B280 /* ServiceStorageAdapter.swift in Sources */,
				1CAAAB571BD0031200E3650F /* Service.swift in Sources */,
				1CC05F421BC73110003DB99F /* AppDelegate.swift in Sources */,
				1CAAAB591BD0031200E3650F /* Timer.swift in Sources */,
				ED104A2E1BFB9CB5004E0769 /* AddEmployeesViewController.swift in Sources */,
				7FF9427D1BFD45EF00E15C38 /* EditWorkforceTableViewCell.swift in Sources */,
				1CAAAB551BD0031200E3650F /* EmployeeType.swift in Sources */,
				1C7B8B7C1BFFB7F20069C10E /* EmployeeUpcomingServiceTableViewCell.swift in Sources */,
				1C7B8B6E1BFBD6C50069C10E /* EmployeeProgressTableViewCell.swift in Sources */,
				1C782C0B1BD065690046B280 /* ParseServiceStorageAdapter.swift in Sources */,
				ED104A2A1BFB9C64004E0769 /* EditTimersTableViewController.swift in Sources */,
				1CAAAB561BD0031200E3650F /* Room.swift in Sources */,
				ED27C5211BFE66B100441B5C /* AddTimerViewController.swift in Sources */,
				EDC4B2561BFD74C500BEFF29 /* EditFloorsHeaderView.swift in Sources */,
				ED104A341BFB9D61004E0769 /* ViewProgressTableViewController.swift in Sources */,
				ED104A3A1BFB9E89004E0769 /* RoomNotesViewController.swift in Sources */,
				1C782C141BD0764E0046B280 /* ParseTimerStorageAdapter.swift in Sources */,
				ED104A281BFB9C3F004E0769 /* EditRoomsTableViewController.swift in Sources */,
				1C782C061BD053930046B280 /* LoginController.swift in Sources */,
				ED104A361BFB9D7C004E0769 /* EmployeeProgressViewTableViewController.swift in Sources */,
				7FF9427C1BFD45EF00E15C38 /* EditWorkforceHeaderViewClass.swift in Sources */,
				ED27C51B1BFE3F1800441B5C /* UserNavigationViewController.swift in Sources */,
			);
			runOnlyForDeploymentPostprocessing = 0;
		};
		1CC05F4E1BC73110003DB99F /* Sources */ = {
			isa = PBXSourcesBuildPhase;
			buildActionMask = 2147483647;
			files = (
				1CC05F571BC73110003DB99F /* TidyCoTests.swift in Sources */,
			);
			runOnlyForDeploymentPostprocessing = 0;
		};
		1CC05F591BC73110003DB99F /* Sources */ = {
			isa = PBXSourcesBuildPhase;
			buildActionMask = 2147483647;
			files = (
				1CC05F621BC73110003DB99F /* TidyCoUITests.swift in Sources */,
			);
			runOnlyForDeploymentPostprocessing = 0;
		};
/* End PBXSourcesBuildPhase section */

/* Begin PBXTargetDependency section */
		1CC05F541BC73110003DB99F /* PBXTargetDependency */ = {
			isa = PBXTargetDependency;
			target = 1CC05F3D1BC73110003DB99F /* TidyCo */;
			targetProxy = 1CC05F531BC73110003DB99F /* PBXContainerItemProxy */;
		};
		1CC05F5F1BC73110003DB99F /* PBXTargetDependency */ = {
			isa = PBXTargetDependency;
			target = 1CC05F3D1BC73110003DB99F /* TidyCo */;
			targetProxy = 1CC05F5E1BC73110003DB99F /* PBXContainerItemProxy */;
		};
/* End PBXTargetDependency section */

/* Begin PBXVariantGroup section */
		1CC05F4A1BC73110003DB99F /* LaunchScreen.storyboard */ = {
			isa = PBXVariantGroup;
			children = (
				1CC05F4B1BC73110003DB99F /* Base */,
			);
			name = LaunchScreen.storyboard;
			sourceTree = "<group>";
		};
/* End PBXVariantGroup section */

/* Begin XCBuildConfiguration section */
		1CC05F641BC73110003DB99F /* Debug */ = {
			isa = XCBuildConfiguration;
			buildSettings = {
				ALWAYS_SEARCH_USER_PATHS = NO;
				CLANG_CXX_LANGUAGE_STANDARD = "gnu++0x";
				CLANG_CXX_LIBRARY = "libc++";
				CLANG_ENABLE_MODULES = YES;
				CLANG_ENABLE_OBJC_ARC = YES;
				CLANG_WARN_BOOL_CONVERSION = YES;
				CLANG_WARN_CONSTANT_CONVERSION = YES;
				CLANG_WARN_DIRECT_OBJC_ISA_USAGE = YES_ERROR;
				CLANG_WARN_EMPTY_BODY = YES;
				CLANG_WARN_ENUM_CONVERSION = YES;
				CLANG_WARN_INT_CONVERSION = YES;
				CLANG_WARN_OBJC_ROOT_CLASS = YES_ERROR;
				CLANG_WARN_UNREACHABLE_CODE = YES;
				CLANG_WARN__DUPLICATE_METHOD_MATCH = YES;
				"CODE_SIGN_IDENTITY[sdk=iphoneos*]" = "iPhone Developer";
				COPY_PHASE_STRIP = NO;
				DEBUG_INFORMATION_FORMAT = dwarf;
				ENABLE_STRICT_OBJC_MSGSEND = YES;
				ENABLE_TESTABILITY = YES;
				GCC_C_LANGUAGE_STANDARD = gnu99;
				GCC_DYNAMIC_NO_PIC = NO;
				GCC_NO_COMMON_BLOCKS = YES;
				GCC_OPTIMIZATION_LEVEL = 0;
				GCC_PREPROCESSOR_DEFINITIONS = (
					"DEBUG=1",
					"$(inherited)",
				);
				GCC_WARN_64_TO_32_BIT_CONVERSION = YES;
				GCC_WARN_ABOUT_RETURN_TYPE = YES_ERROR;
				GCC_WARN_UNDECLARED_SELECTOR = YES;
				GCC_WARN_UNINITIALIZED_AUTOS = YES_AGGRESSIVE;
				GCC_WARN_UNUSED_FUNCTION = YES;
				GCC_WARN_UNUSED_VARIABLE = YES;
				IPHONEOS_DEPLOYMENT_TARGET = 9.0;
				MTL_ENABLE_DEBUG_INFO = YES;
				ONLY_ACTIVE_ARCH = YES;
				SDKROOT = iphoneos;
				SWIFT_OPTIMIZATION_LEVEL = "-Onone";
			};
			name = Debug;
		};
		1CC05F651BC73110003DB99F /* Release */ = {
			isa = XCBuildConfiguration;
			buildSettings = {
				ALWAYS_SEARCH_USER_PATHS = NO;
				CLANG_CXX_LANGUAGE_STANDARD = "gnu++0x";
				CLANG_CXX_LIBRARY = "libc++";
				CLANG_ENABLE_MODULES = YES;
				CLANG_ENABLE_OBJC_ARC = YES;
				CLANG_WARN_BOOL_CONVERSION = YES;
				CLANG_WARN_CONSTANT_CONVERSION = YES;
				CLANG_WARN_DIRECT_OBJC_ISA_USAGE = YES_ERROR;
				CLANG_WARN_EMPTY_BODY = YES;
				CLANG_WARN_ENUM_CONVERSION = YES;
				CLANG_WARN_INT_CONVERSION = YES;
				CLANG_WARN_OBJC_ROOT_CLASS = YES_ERROR;
				CLANG_WARN_UNREACHABLE_CODE = YES;
				CLANG_WARN__DUPLICATE_METHOD_MATCH = YES;
				"CODE_SIGN_IDENTITY[sdk=iphoneos*]" = "iPhone Developer";
				COPY_PHASE_STRIP = NO;
				DEBUG_INFORMATION_FORMAT = "dwarf-with-dsym";
				ENABLE_NS_ASSERTIONS = NO;
				ENABLE_STRICT_OBJC_MSGSEND = YES;
				GCC_C_LANGUAGE_STANDARD = gnu99;
				GCC_NO_COMMON_BLOCKS = YES;
				GCC_WARN_64_TO_32_BIT_CONVERSION = YES;
				GCC_WARN_ABOUT_RETURN_TYPE = YES_ERROR;
				GCC_WARN_UNDECLARED_SELECTOR = YES;
				GCC_WARN_UNINITIALIZED_AUTOS = YES_AGGRESSIVE;
				GCC_WARN_UNUSED_FUNCTION = YES;
				GCC_WARN_UNUSED_VARIABLE = YES;
				IPHONEOS_DEPLOYMENT_TARGET = 9.0;
				MTL_ENABLE_DEBUG_INFO = NO;
				SDKROOT = iphoneos;
				VALIDATE_PRODUCT = YES;
			};
			name = Release;
		};
		1CC05F671BC73110003DB99F /* Debug */ = {
			isa = XCBuildConfiguration;
			baseConfigurationReference = F4E47071B70FAE5877A6DED9 /* Pods-TidyCo.debug.xcconfig */;
			buildSettings = {
				ASSETCATALOG_COMPILER_APPICON_NAME = AppIcon;
				CLANG_ENABLE_MODULES = YES;
				INFOPLIST_FILE = TidyCo/Info.plist;
				LD_RUNPATH_SEARCH_PATHS = "$(inherited) @executable_path/Frameworks";
				PRODUCT_BUNDLE_IDENTIFIER = com.teamsilver.TidyCo;
				PRODUCT_NAME = "$(TARGET_NAME)";
				SWIFT_OBJC_BRIDGING_HEADER = "TidyCo/TidyCo-Bridging-Header.h";
				SWIFT_OPTIMIZATION_LEVEL = "-Onone";
			};
			name = Debug;
		};
		1CC05F681BC73110003DB99F /* Release */ = {
			isa = XCBuildConfiguration;
			baseConfigurationReference = B19C3FE266F997844FA31452 /* Pods-TidyCo.release.xcconfig */;
			buildSettings = {
				ASSETCATALOG_COMPILER_APPICON_NAME = AppIcon;
				CLANG_ENABLE_MODULES = YES;
				INFOPLIST_FILE = TidyCo/Info.plist;
				LD_RUNPATH_SEARCH_PATHS = "$(inherited) @executable_path/Frameworks";
				PRODUCT_BUNDLE_IDENTIFIER = com.teamsilver.TidyCo;
				PRODUCT_NAME = "$(TARGET_NAME)";
				SWIFT_OBJC_BRIDGING_HEADER = "TidyCo/TidyCo-Bridging-Header.h";
			};
			name = Release;
		};
		1CC05F6A1BC73110003DB99F /* Debug */ = {
			isa = XCBuildConfiguration;
			baseConfigurationReference = 3022936D46E13BD6DBA6332E /* Pods-TidyCoTests.debug.xcconfig */;
			buildSettings = {
				BUNDLE_LOADER = "$(TEST_HOST)";
				INFOPLIST_FILE = TidyCoTests/Info.plist;
				LD_RUNPATH_SEARCH_PATHS = "$(inherited) @executable_path/Frameworks @loader_path/Frameworks";
				PRODUCT_BUNDLE_IDENTIFIER = com.teamsilver.TidyCoTests;
				PRODUCT_NAME = "$(TARGET_NAME)";
				TEST_HOST = "$(BUILT_PRODUCTS_DIR)/TidyCo.app/TidyCo";
			};
			name = Debug;
		};
		1CC05F6B1BC73110003DB99F /* Release */ = {
			isa = XCBuildConfiguration;
			baseConfigurationReference = 8C9D6F8DAAC9904774151F5F /* Pods-TidyCoTests.release.xcconfig */;
			buildSettings = {
				BUNDLE_LOADER = "$(TEST_HOST)";
				INFOPLIST_FILE = TidyCoTests/Info.plist;
				LD_RUNPATH_SEARCH_PATHS = "$(inherited) @executable_path/Frameworks @loader_path/Frameworks";
				PRODUCT_BUNDLE_IDENTIFIER = com.teamsilver.TidyCoTests;
				PRODUCT_NAME = "$(TARGET_NAME)";
				TEST_HOST = "$(BUILT_PRODUCTS_DIR)/TidyCo.app/TidyCo";
			};
			name = Release;
		};
		1CC05F6D1BC73110003DB99F /* Debug */ = {
			isa = XCBuildConfiguration;
			buildSettings = {
				INFOPLIST_FILE = TidyCoUITests/Info.plist;
				LD_RUNPATH_SEARCH_PATHS = "$(inherited) @executable_path/Frameworks @loader_path/Frameworks";
				PRODUCT_BUNDLE_IDENTIFIER = com.teamsilver.TidyCoUITests;
				PRODUCT_NAME = "$(TARGET_NAME)";
				TEST_TARGET_NAME = TidyCo;
				USES_XCTRUNNER = YES;
			};
			name = Debug;
		};
		1CC05F6E1BC73110003DB99F /* Release */ = {
			isa = XCBuildConfiguration;
			buildSettings = {
				INFOPLIST_FILE = TidyCoUITests/Info.plist;
				LD_RUNPATH_SEARCH_PATHS = "$(inherited) @executable_path/Frameworks @loader_path/Frameworks";
				PRODUCT_BUNDLE_IDENTIFIER = com.teamsilver.TidyCoUITests;
				PRODUCT_NAME = "$(TARGET_NAME)";
				TEST_TARGET_NAME = TidyCo;
				USES_XCTRUNNER = YES;
			};
			name = Release;
		};
/* End XCBuildConfiguration section */

/* Begin XCConfigurationList section */
		1CC05F391BC73110003DB99F /* Build configuration list for PBXProject "TidyCo" */ = {
			isa = XCConfigurationList;
			buildConfigurations = (
				1CC05F641BC73110003DB99F /* Debug */,
				1CC05F651BC73110003DB99F /* Release */,
			);
			defaultConfigurationIsVisible = 0;
			defaultConfigurationName = Release;
		};
		1CC05F661BC73110003DB99F /* Build configuration list for PBXNativeTarget "TidyCo" */ = {
			isa = XCConfigurationList;
			buildConfigurations = (
				1CC05F671BC73110003DB99F /* Debug */,
				1CC05F681BC73110003DB99F /* Release */,
			);
			defaultConfigurationIsVisible = 0;
			defaultConfigurationName = Release;
		};
		1CC05F691BC73110003DB99F /* Build configuration list for PBXNativeTarget "TidyCoTests" */ = {
			isa = XCConfigurationList;
			buildConfigurations = (
				1CC05F6A1BC73110003DB99F /* Debug */,
				1CC05F6B1BC73110003DB99F /* Release */,
			);
			defaultConfigurationIsVisible = 0;
			defaultConfigurationName = Release;
		};
		1CC05F6C1BC73110003DB99F /* Build configuration list for PBXNativeTarget "TidyCoUITests" */ = {
			isa = XCConfigurationList;
			buildConfigurations = (
				1CC05F6D1BC73110003DB99F /* Debug */,
				1CC05F6E1BC73110003DB99F /* Release */,
			);
			defaultConfigurationIsVisible = 0;
			defaultConfigurationName = Release;
		};
/* End XCConfigurationList section */
	};
	rootObject = 1CC05F361BC73110003DB99F /* Project object */;
}
